
Microsoft Visual Studio Solution File, Format Version 12.00
# Visual Studio 15
Project("{FAE04EC0-301F-11D3-BF4B-00C04F79EFBC}") = "Assembly-CSharp", "Assembly-CSharp.csproj", "{744E176E-58D2-0693-61EB-CD1F1F5CDC41}"
EndProject
Project("{FAE04EC0-301F-11D3-BF4B-00C04F79EFBC}") = "Assembly-CSharp-Editor", "Assembly-CSharp-Editor.csproj", "{84310D88-D4A7-E4E7-6AC5-3ADBE0B33350}"
EndProject
Global
	GlobalSection(SolutionConfigurationPlatforms) = preSolution
		Debug|Any CPU = Debug|Any CPU
		Release|Any CPU = Release|Any CPU
	EndGlobalSection
	GlobalSection(ProjectConfigurationPlatforms) = postSolution
		{744E176E-58D2-0693-61EB-CD1F1F5CDC41}.Debug|Any CPU.ActiveCfg = Debug|Any CPU
		{744E176E-58D2-0693-61EB-CD1F1F5CDC41}.Debug|Any CPU.Build.0 = Debug|Any CPU
		{744E176E-58D2-0693-61EB-CD1F1F5CDC41}.Release|Any CPU.ActiveCfg = Release|Any CPU
		{744E176E-58D2-0693-61EB-CD1F1F5CDC41}.Release|Any CPU.Build.0 = Release|Any CPU
		{84310D88-D4A7-E4E7-6AC5-3ADBE0B33350}.Debug|Any CPU.ActiveCfg = Debug|Any CPU
		{84310D88-D4A7-E4E7-6AC5-3ADBE0B33350}.Debug|Any CPU.Build.0 = Debug|Any CPU
		{84310D88-D4A7-E4E7-6AC5-3ADBE0B33350}.Release|Any CPU.ActiveCfg = Release|Any CPU
		{84310D88-D4A7-E4E7-6AC5-3ADBE0B33350}.Release|Any CPU.Build.0 = Release|Any CPU
	EndGlobalSection
	GlobalSection(SolutionProperties) = preSolution
		HideSolutionNode = FALSE
	EndGlobalSection
EndGlobal
